
Microsoft Visual Studio Solution File, Format Version 12.00
# Visual Studio 15
VisualStudioVersion = 15.0.28307.757
MinimumVisualStudioVersion = 10.0.40219.1
Project("{FAE04EC0-301F-11D3-BF4B-00C04F79EFBC}") = "IndexerCLI", "IndexerCLI\IndexerCLI.csproj", "{F19C605E-C448-4A00-9B86-076FCAC16CA0}"
EndProject
Project("{FAE04EC0-301F-11D3-BF4B-00C04F79EFBC}") = "IndexerLib", "IndexerLib\IndexerLib.csproj", "{8BC67371-E864-4D5C-80CB-A6082E1C09A2}"
EndProject
Global
	GlobalSection(SolutionConfigurationPlatforms) = preSolution
		Debug|Any CPU = Debug|Any CPU
		Release|Any CPU = Release|Any CPU
	EndGlobalSection
	GlobalSection(ProjectConfigurationPlatforms) = postSolution
		{F19C605E-C448-4A00-9B86-076FCAC16CA0}.Debug|Any CPU.ActiveCfg = Debug|Any CPU
		{F19C605E-C448-4A00-9B86-076FCAC16CA0}.Debug|Any CPU.Build.0 = Debug|Any CPU
		{F19C605E-C448-4A00-9B86-076FCAC16CA0}.Release|Any CPU.ActiveCfg = Release|Any CPU
		{F19C605E-C448-4A00-9B86-076FCAC16CA0}.Release|Any CPU.Build.0 = Release|Any CPU
		{8BC67371-E864-4D5C-80CB-A6082E1C09A2}.Debug|Any CPU.ActiveCfg = Debug|Any CPU
		{8BC67371-E864-4D5C-80CB-A6082E1C09A2}.Debug|Any CPU.Build.0 = Debug|Any CPU
		{8BC67371-E864-4D5C-80CB-A6082E1C09A2}.Release|Any CPU.ActiveCfg = Release|Any CPU
		{8BC67371-E864-4D5C-80CB-A6082E1C09A2}.Release|Any CPU.Build.0 = Release|Any CPU
	EndGlobalSection
	GlobalSection(SolutionProperties) = preSolution
		HideSolutionNode = FALSE
	EndGlobalSection
	GlobalSection(ExtensibilityGlobals) = postSolution
		SolutionGuid = {E15C0823-4944-4E5E-802A-98E66614B96A}
	EndGlobalSection
EndGlobal
